
Microsoft Visual Studio Solution File, Format Version 12.00
# Visual Studio Version 17
VisualStudioVersion = 17.8.34316.72
MinimumVisualStudioVersion = 10.0.40219.1
Project("{FAE04EC0-301F-11D3-BF4B-00C04F79EFBC}") = "BooksDBApp", "BooksDBApp\BooksDBApp.csproj", "{89D188DD-5A36-4347-BC1B-260AB12E5D97}"
EndProject
Project("{FAE04EC0-301F-11D3-BF4B-00C04F79EFBC}") = "ClassLibraryBooks", "ClassLibraryBooks\ClassLibraryBooks.csproj", "{6FBE4532-D4AB-46D6-8063-4CE583201F1C}"
EndProject
Global
	GlobalSection(SolutionConfigurationPlatforms) = preSolution
		Debug|Any CPU = Debug|Any CPU
		Release|Any CPU = Release|Any CPU
	EndGlobalSection
	GlobalSection(ProjectConfigurationPlatforms) = postSolution
		{89D188DD-5A36-4347-BC1B-260AB12E5D97}.Debug|Any CPU.ActiveCfg = Debug|Any CPU
		{89D188DD-5A36-4347-BC1B-260AB12E5D97}.Debug|Any CPU.Build.0 = Debug|Any CPU
		{89D188DD-5A36-4347-BC1B-260AB12E5D97}.Release|Any CPU.ActiveCfg = Release|Any CPU
		{89D188DD-5A36-4347-BC1B-260AB12E5D97}.Release|Any CPU.Build.0 = Release|Any CPU
		{6FBE4532-D4AB-46D6-8063-4CE583201F1C}.Debug|Any CPU.ActiveCfg = Debug|Any CPU
		{6FBE4532-D4AB-46D6-8063-4CE583201F1C}.Debug|Any CPU.Build.0 = Debug|Any CPU
		{6FBE4532-D4AB-46D6-8063-4CE583201F1C}.Release|Any CPU.ActiveCfg = Release|Any CPU
		{6FBE4532-D4AB-46D6-8063-4CE583201F1C}.Release|Any CPU.Build.0 = Release|Any CPU
	EndGlobalSection
	GlobalSection(SolutionProperties) = preSolution
		HideSolutionNode = FALSE
	EndGlobalSection
	GlobalSection(ExtensibilityGlobals) = postSolution
		SolutionGuid = {873548BB-0D67-4352-B46C-FC00A18044A4}
	EndGlobalSection
EndGlobal
